
Microsoft Visual Studio Solution File, Format Version 12.00
# Visual Studio 14
VisualStudioVersion = 14.0.25420.1
MinimumVisualStudioVersion = 10.0.40219.1
Project("{FAE04EC0-301F-11D3-BF4B-00C04F79EFBC}") = "SRH.NBS.PiControllPanel", "SRH.NBS.PiControllPanel\SRH.NBS.PiControllPanel.csproj", "{7C26AD6F-D612-4183-AB50-D41E76CA91CE}"
EndProject
Project("{FAE04EC0-301F-11D3-BF4B-00C04F79EFBC}") = "SRH.NBS.DesktopApplication", "SRH.NBS.DesktopApplication\SRH.NBS.DesktopApplication.csproj", "{1B2341BC-853E-4136-A476-E15000E2A4AF}"
EndProject
Project("{FAE04EC0-301F-11D3-BF4B-00C04F79EFBC}") = "SRH.NBS.Commen", "SRH.NBS.Commen\SRH.NBS.Commen.csproj", "{84CD5975-97A5-4B2A-9E78-188D0A40D060}"
EndProject
Project("{FAE04EC0-301F-11D3-BF4B-00C04F79EFBC}") = "SRH.NBS.BrewingSystemSimulator", "SRH.NBS.BrewingSystemSimulator\SRH.NBS.BrewingSystemSimulator.csproj", "{2FF88196-4977-4EFE-A3EA-0276C9BD6C89}"
EndProject
Project("{FAE04EC0-301F-11D3-BF4B-00C04F79EFBC}") = "UnitTest", "UnitTest\UnitTest.csproj", "{3C23D0A9-C01B-4128-A22E-D3FF1DA301EE}"
EndProject
Project("{FAE04EC0-301F-11D3-BF4B-00C04F79EFBC}") = "RealtimeReciverTest", "RealtimeReciverTest\RealtimeReciverTest.csproj", "{85C47101-C7F6-4565-A34F-2707C06119BB}"
EndProject
Project("{2150E333-8FDC-42A3-9474-1A3956D46DE8}") = "Installers", "Installers", "{9C0F3D5F-ACF2-4FEF-94FE-658802BD1E91}"
EndProject
Project("{2150E333-8FDC-42A3-9474-1A3956D46DE8}") = "TestApplications", "TestApplications", "{64DC784B-E278-4AF2-B688-46C44F4CB9DF}"
EndProject
Project("{2150E333-8FDC-42A3-9474-1A3956D46DE8}") = "Services", "Services", "{D29138F1-722D-4CA3-9DCC-DFC6C77639D5}"
EndProject
Project("{930C7802-8A8C-48F9-8165-68863BCCD9DD}") = "SRH.NBS.RealtimeDataproviderServiceInstaller", "SRH.NBS.RealtimeDataproviderServiceInstaller\SRH.NBS.RealtimeDataproviderServiceInstaller.wixproj", "{DE3F4E76-F9EB-4652-A7CC-85B9FBF1EA99}"
EndProject
Project("{930C7802-8A8C-48F9-8165-68863BCCD9DD}") = "SRH.NBS.DataCollectorServiceInstaller", "SRH.NBS.DataCollectorServiceInstaller\SRH.NBS.DataCollectorServiceInstaller.wixproj", "{51E56C90-36AE-45F1-B96C-3FAAE2BCCAA2}"
EndProject
Project("{930C7802-8A8C-48F9-8165-68863BCCD9DD}") = "SRH.NBS.HistoricalDataProviderServiceInstaller", "SRH.NBS.HistoricalDataProviderServiceInstaller\SRH.NBS.HistoricalDataProviderServiceInstaller.wixproj", "{59D719FE-7B49-47AC-9E57-08157E3C572E}"
EndProject
Project("{930C7802-8A8C-48F9-8165-68863BCCD9DD}") = "SRH.NBS.AllServicesInstaller", "SRH.NBS.AllServicesInstaller\SRH.NBS.AllServicesInstaller.wixproj", "{79C755BA-FC33-4B74-8AB6-CC8DACABAE61}"
EndProject
Project("{FAE04EC0-301F-11D3-BF4B-00C04F79EFBC}") = "SRH.NBS.DataCollectorService", "SRH.NBS.DataCollectorService\SRH.NBS.DataCollectorService.csproj", "{DC379173-7E70-48BE-9E38-2E160D8AFE70}"
EndProject
Project("{FAE04EC0-301F-11D3-BF4B-00C04F79EFBC}") = "SRH.NBS.HistoricalDataProviderService", "SRH.NBS.HistoricalDataProviderService\SRH.NBS.HistoricalDataProviderService.csproj", "{C73DFBAA-3BCF-4EBC-AF12-ED24A9245CF8}"
EndProject
Project("{FAE04EC0-301F-11D3-BF4B-00C04F79EFBC}") = "SRH.NBS.RealtimeDataProviderService", "SRH.NBS.RealtimeDataProviderService\SRH.NBS.RealtimeDataProviderService.csproj", "{2983BA88-0E4B-4D63-8AB5-DF1C748A0659}"
EndProject
Project("{FAE04EC0-301F-11D3-BF4B-00C04F79EFBC}") = "SRH.NBS.ControllSystemWriterService", "SRH.NBS.ControllSystemWriterService\SRH.NBS.ControllSystemWriterService.csproj", "{AD0EAC16-8FB9-468B-8B68-7AA0333A869D}"
EndProject
Project("{930C7802-8A8C-48F9-8165-68863BCCD9DD}") = "SRH.NBS.ControllSystemWriterServiceInstaller", "SRH.NBS.ControllSystemWriterServiceInstaller\SRH.NBS.ControllSystemWriterServiceInstaller.wixproj", "{C07EAF2D-1ABC-4E79-95AA-E6EA4FA70E1D}"
EndProject
Global
	GlobalSection(SolutionConfigurationPlatforms) = preSolution
		Debug|Any CPU = Debug|Any CPU
		Debug|ARM = Debug|ARM
		Debug|x64 = Debug|x64
		Debug|x86 = Debug|x86
		Release|Any CPU = Release|Any CPU
		Release|ARM = Release|ARM
		Release|x64 = Release|x64
		Release|x86 = Release|x86
	EndGlobalSection
	GlobalSection(ProjectConfigurationPlatforms) = postSolution
		{7C26AD6F-D612-4183-AB50-D41E76CA91CE}.Debug|Any CPU.ActiveCfg = Debug|x86
		{7C26AD6F-D612-4183-AB50-D41E76CA91CE}.Debug|ARM.ActiveCfg = Debug|ARM
		{7C26AD6F-D612-4183-AB50-D41E76CA91CE}.Debug|ARM.Build.0 = Debug|ARM
		{7C26AD6F-D612-4183-AB50-D41E76CA91CE}.Debug|ARM.Deploy.0 = Debug|ARM
		{7C26AD6F-D612-4183-AB50-D41E76CA91CE}.Debug|x64.ActiveCfg = Debug|x64
		{7C26AD6F-D612-4183-AB50-D41E76CA91CE}.Debug|x64.Build.0 = Debug|x64
		{7C26AD6F-D612-4183-AB50-D41E76CA91CE}.Debug|x64.Deploy.0 = Debug|x64
		{7C26AD6F-D612-4183-AB50-D41E76CA91CE}.Debug|x86.ActiveCfg = Debug|x86
		{7C26AD6F-D612-4183-AB50-D41E76CA91CE}.Debug|x86.Build.0 = Debug|x86
		{7C26AD6F-D612-4183-AB50-D41E76CA91CE}.Debug|x86.Deploy.0 = Debug|x86
		{7C26AD6F-D612-4183-AB50-D41E76CA91CE}.Release|Any CPU.ActiveCfg = Release|x86
		{7C26AD6F-D612-4183-AB50-D41E76CA91CE}.Release|ARM.ActiveCfg = Release|ARM
		{7C26AD6F-D612-4183-AB50-D41E76CA91CE}.Release|ARM.Build.0 = Release|ARM
		{7C26AD6F-D612-4183-AB50-D41E76CA91CE}.Release|ARM.Deploy.0 = Release|ARM
		{7C26AD6F-D612-4183-AB50-D41E76CA91CE}.Release|x64.ActiveCfg = Release|x64
		{7C26AD6F-D612-4183-AB50-D41E76CA91CE}.Release|x64.Build.0 = Release|x64
		{7C26AD6F-D612-4183-AB50-D41E76CA91CE}.Release|x64.Deploy.0 = Release|x64
		{7C26AD6F-D612-4183-AB50-D41E76CA91CE}.Release|x86.ActiveCfg = Release|x86
		{7C26AD6F-D612-4183-AB50-D41E76CA91CE}.Release|x86.Build.0 = Release|x86
		{7C26AD6F-D612-4183-AB50-D41E76CA91CE}.Release|x86.Deploy.0 = Release|x86
		{1B2341BC-853E-4136-A476-E15000E2A4AF}.Debug|Any CPU.ActiveCfg = Debug|Any CPU
		{1B2341BC-853E-4136-A476-E15000E2A4AF}.Debug|Any CPU.Build.0 = Debug|Any CPU
		{1B2341BC-853E-4136-A476-E15000E2A4AF}.Debug|ARM.ActiveCfg = Debug|Any CPU
		{1B2341BC-853E-4136-A476-E15000E2A4AF}.Debug|ARM.Build.0 = Debug|Any CPU
		{1B2341BC-853E-4136-A476-E15000E2A4AF}.Debug|x64.ActiveCfg = Debug|Any CPU
		{1B2341BC-853E-4136-A476-E15000E2A4AF}.Debug|x64.Build.0 = Debug|Any CPU
		{1B2341BC-853E-4136-A476-E15000E2A4AF}.Debug|x86.ActiveCfg = Debug|Any CPU
		{1B2341BC-853E-4136-A476-E15000E2A4AF}.Debug|x86.Build.0 = Debug|Any CPU
		{1B2341BC-853E-4136-A476-E15000E2A4AF}.Release|Any CPU.ActiveCfg = Release|Any CPU
		{1B2341BC-853E-4136-A476-E15000E2A4AF}.Release|Any CPU.Build.0 = Release|Any CPU
		{1B2341BC-853E-4136-A476-E15000E2A4AF}.Release|ARM.ActiveCfg = Release|Any CPU
		{1B2341BC-853E-4136-A476-E15000E2A4AF}.Release|ARM.Build.0 = Release|Any CPU
		{1B2341BC-853E-4136-A476-E15000E2A4AF}.Release|x64.ActiveCfg = Release|Any CPU
		{1B2341BC-853E-4136-A476-E15000E2A4AF}.Release|x64.Build.0 = Release|Any CPU
		{1B2341BC-853E-4136-A476-E15000E2A4AF}.Release|x86.ActiveCfg = Release|Any CPU
		{1B2341BC-853E-4136-A476-E15000E2A4AF}.Release|x86.Build.0 = Release|Any CPU
		{84CD5975-97A5-4B2A-9E78-188D0A40D060}.Debug|Any CPU.ActiveCfg = Debug|Any CPU
		{84CD5975-97A5-4B2A-9E78-188D0A40D060}.Debug|Any CPU.Build.0 = Debug|Any CPU
		{84CD5975-97A5-4B2A-9E78-188D0A40D060}.Debug|ARM.ActiveCfg = Debug|Any CPU
		{84CD5975-97A5-4B2A-9E78-188D0A40D060}.Debug|ARM.Build.0 = Debug|Any CPU
		{84CD5975-97A5-4B2A-9E78-188D0A40D060}.Debug|x64.ActiveCfg = Debug|Any CPU
		{84CD5975-97A5-4B2A-9E78-188D0A40D060}.Debug|x64.Build.0 = Debug|Any CPU
		{84CD5975-97A5-4B2A-9E78-188D0A40D060}.Debug|x86.ActiveCfg = Debug|Any CPU
		{84CD5975-97A5-4B2A-9E78-188D0A40D060}.Debug|x86.Build.0 = Debug|Any CPU
		{84CD5975-97A5-4B2A-9E78-188D0A40D060}.Release|Any CPU.ActiveCfg = Release|Any CPU
		{84CD5975-97A5-4B2A-9E78-188D0A40D060}.Release|Any CPU.Build.0 = Release|Any CPU
		{84CD5975-97A5-4B2A-9E78-188D0A40D060}.Release|ARM.ActiveCfg = Release|Any CPU
		{84CD5975-97A5-4B2A-9E78-188D0A40D060}.Release|ARM.Build.0 = Release|Any CPU
		{84CD5975-97A5-4B2A-9E78-188D0A40D060}.Release|x64.ActiveCfg = Release|Any CPU
		{84CD5975-97A5-4B2A-9E78-188D0A40D060}.Release|x64.Build.0 = Release|Any CPU
		{84CD5975-97A5-4B2A-9E78-188D0A40D060}.Release|x86.ActiveCfg = Release|Any CPU
		{84CD5975-97A5-4B2A-9E78-188D0A40D060}.Release|x86.Build.0 = Release|Any CPU
		{2FF88196-4977-4EFE-A3EA-0276C9BD6C89}.Debug|Any CPU.ActiveCfg = Debug|Any CPU
		{2FF88196-4977-4EFE-A3EA-0276C9BD6C89}.Debug|Any CPU.Build.0 = Debug|Any CPU
		{2FF88196-4977-4EFE-A3EA-0276C9BD6C89}.Debug|ARM.ActiveCfg = Debug|Any CPU
		{2FF88196-4977-4EFE-A3EA-0276C9BD6C89}.Debug|ARM.Build.0 = Debug|Any CPU
		{2FF88196-4977-4EFE-A3EA-0276C9BD6C89}.Debug|x64.ActiveCfg = Debug|Any CPU
		{2FF88196-4977-4EFE-A3EA-0276C9BD6C89}.Debug|x64.Build.0 = Debug|Any CPU
		{2FF88196-4977-4EFE-A3EA-0276C9BD6C89}.Debug|x86.ActiveCfg = Debug|Any CPU
		{2FF88196-4977-4EFE-A3EA-0276C9BD6C89}.Debug|x86.Build.0 = Debug|Any CPU
		{2FF88196-4977-4EFE-A3EA-0276C9BD6C89}.Release|Any CPU.ActiveCfg = Release|Any CPU
		{2FF88196-4977-4EFE-A3EA-0276C9BD6C89}.Release|Any CPU.Build.0 = Release|Any CPU
		{2FF88196-4977-4EFE-A3EA-0276C9BD6C89}.Release|ARM.ActiveCfg = Release|Any CPU
		{2FF88196-4977-4EFE-A3EA-0276C9BD6C89}.Release|ARM.Build.0 = Release|Any CPU
		{2FF88196-4977-4EFE-A3EA-0276C9BD6C89}.Release|x64.ActiveCfg = Release|Any CPU
		{2FF88196-4977-4EFE-A3EA-0276C9BD6C89}.Release|x64.Build.0 = Release|Any CPU
		{2FF88196-4977-4EFE-A3EA-0276C9BD6C89}.Release|x86.ActiveCfg = Release|Any CPU
		{2FF88196-4977-4EFE-A3EA-0276C9BD6C89}.Release|x86.Build.0 = Release|Any CPU
		{3C23D0A9-C01B-4128-A22E-D3FF1DA301EE}.Debug|Any CPU.ActiveCfg = Debug|Any CPU
		{3C23D0A9-C01B-4128-A22E-D3FF1DA301EE}.Debug|Any CPU.Build.0 = Debug|Any CPU
		{3C23D0A9-C01B-4128-A22E-D3FF1DA301EE}.Debug|ARM.ActiveCfg = Debug|Any CPU
		{3C23D0A9-C01B-4128-A22E-D3FF1DA301EE}.Debug|ARM.Build.0 = Debug|Any CPU
		{3C23D0A9-C01B-4128-A22E-D3FF1DA301EE}.Debug|x64.ActiveCfg = Debug|Any CPU
		{3C23D0A9-C01B-4128-A22E-D3FF1DA301EE}.Debug|x64.Build.0 = Debug|Any CPU
		{3C23D0A9-C01B-4128-A22E-D3FF1DA301EE}.Debug|x86.ActiveCfg = Debug|Any CPU
		{3C23D0A9-C01B-4128-A22E-D3FF1DA301EE}.Debug|x86.Build.0 = Debug|Any CPU
		{3C23D0A9-C01B-4128-A22E-D3FF1DA301EE}.Release|Any CPU.ActiveCfg = Release|Any CPU
		{3C23D0A9-C01B-4128-A22E-D3FF1DA301EE}.Release|Any CPU.Build.0 = Release|Any CPU
		{3C23D0A9-C01B-4128-A22E-D3FF1DA301EE}.Release|ARM.ActiveCfg = Release|Any CPU
		{3C23D0A9-C01B-4128-A22E-D3FF1DA301EE}.Release|ARM.Build.0 = Release|Any CPU
		{3C23D0A9-C01B-4128-A22E-D3FF1DA301EE}.Release|x64.ActiveCfg = Release|Any CPU
		{3C23D0A9-C01B-4128-A22E-D3FF1DA301EE}.Release|x64.Build.0 = Release|Any CPU
		{3C23D0A9-C01B-4128-A22E-D3FF1DA301EE}.Release|x86.ActiveCfg = Release|Any CPU
		{3C23D0A9-C01B-4128-A22E-D3FF1DA301EE}.Release|x86.Build.0 = Release|Any CPU
		{85C47101-C7F6-4565-A34F-2707C06119BB}.Debug|Any CPU.ActiveCfg = Debug|Any CPU
		{85C47101-C7F6-4565-A34F-2707C06119BB}.Debug|Any CPU.Build.0 = Debug|Any CPU
		{85C47101-C7F6-4565-A34F-2707C06119BB}.Debug|ARM.ActiveCfg = Debug|Any CPU
		{85C47101-C7F6-4565-A34F-2707C06119BB}.Debug|ARM.Build.0 = Debug|Any CPU
		{85C47101-C7F6-4565-A34F-2707C06119BB}.Debug|x64.ActiveCfg = Debug|Any CPU
		{85C47101-C7F6-4565-A34F-2707C06119BB}.Debug|x64.Build.0 = Debug|Any CPU
		{85C47101-C7F6-4565-A34F-2707C06119BB}.Debug|x86.ActiveCfg = Debug|Any CPU
		{85C47101-C7F6-4565-A34F-2707C06119BB}.Debug|x86.Build.0 = Debug|Any CPU
		{85C47101-C7F6-4565-A34F-2707C06119BB}.Release|Any CPU.ActiveCfg = Release|Any CPU
		{85C47101-C7F6-4565-A34F-2707C06119BB}.Release|Any CPU.Build.0 = Release|Any CPU
		{85C47101-C7F6-4565-A34F-2707C06119BB}.Release|ARM.ActiveCfg = Release|Any CPU
		{85C47101-C7F6-4565-A34F-2707C06119BB}.Release|ARM.Build.0 = Release|Any CPU
		{85C47101-C7F6-4565-A34F-2707C06119BB}.Release|x64.ActiveCfg = Release|Any CPU
		{85C47101-C7F6-4565-A34F-2707C06119BB}.Release|x64.Build.0 = Release|Any CPU
		{85C47101-C7F6-4565-A34F-2707C06119BB}.Release|x86.ActiveCfg = Release|Any CPU
		{85C47101-C7F6-4565-A34F-2707C06119BB}.Release|x86.Build.0 = Release|Any CPU
		{DE3F4E76-F9EB-4652-A7CC-85B9FBF1EA99}.Debug|Any CPU.ActiveCfg = Debug|x86
		{DE3F4E76-F9EB-4652-A7CC-85B9FBF1EA99}.Debug|ARM.ActiveCfg = Debug|x86
		{DE3F4E76-F9EB-4652-A7CC-85B9FBF1EA99}.Debug|x64.ActiveCfg = Debug|x86
		{DE3F4E76-F9EB-4652-A7CC-85B9FBF1EA99}.Debug|x86.ActiveCfg = Debug|x86
		{DE3F4E76-F9EB-4652-A7CC-85B9FBF1EA99}.Debug|x86.Build.0 = Debug|x86
		{DE3F4E76-F9EB-4652-A7CC-85B9FBF1EA99}.Release|Any CPU.ActiveCfg = Release|x86
		{DE3F4E76-F9EB-4652-A7CC-85B9FBF1EA99}.Release|ARM.ActiveCfg = Release|x86
		{DE3F4E76-F9EB-4652-A7CC-85B9FBF1EA99}.Release|x64.ActiveCfg = Release|x86
		{DE3F4E76-F9EB-4652-A7CC-85B9FBF1EA99}.Release|x86.ActiveCfg = Release|x86
		{DE3F4E76-F9EB-4652-A7CC-85B9FBF1EA99}.Release|x86.Build.0 = Release|x86
		{51E56C90-36AE-45F1-B96C-3FAAE2BCCAA2}.Debug|Any CPU.ActiveCfg = Debug|x86
		{51E56C90-36AE-45F1-B96C-3FAAE2BCCAA2}.Debug|ARM.ActiveCfg = Debug|x86
		{51E56C90-36AE-45F1-B96C-3FAAE2BCCAA2}.Debug|x64.ActiveCfg = Debug|x86
		{51E56C90-36AE-45F1-B96C-3FAAE2BCCAA2}.Debug|x86.ActiveCfg = Debug|x86
		{51E56C90-36AE-45F1-B96C-3FAAE2BCCAA2}.Debug|x86.Build.0 = Debug|x86
		{51E56C90-36AE-45F1-B96C-3FAAE2BCCAA2}.Release|Any CPU.ActiveCfg = Release|x86
		{51E56C90-36AE-45F1-B96C-3FAAE2BCCAA2}.Release|ARM.ActiveCfg = Release|x86
		{51E56C90-36AE-45F1-B96C-3FAAE2BCCAA2}.Release|x64.ActiveCfg = Release|x86
		{51E56C90-36AE-45F1-B96C-3FAAE2BCCAA2}.Release|x86.ActiveCfg = Release|x86
		{51E56C90-36AE-45F1-B96C-3FAAE2BCCAA2}.Release|x86.Build.0 = Release|x86
		{59D719FE-7B49-47AC-9E57-08157E3C572E}.Debug|Any CPU.ActiveCfg = Debug|x86
		{59D719FE-7B49-47AC-9E57-08157E3C572E}.Debug|ARM.ActiveCfg = Debug|x86
		{59D719FE-7B49-47AC-9E57-08157E3C572E}.Debug|x64.ActiveCfg = Debug|x86
		{59D719FE-7B49-47AC-9E57-08157E3C572E}.Debug|x86.ActiveCfg = Debug|x86
		{59D719FE-7B49-47AC-9E57-08157E3C572E}.Debug|x86.Build.0 = Debug|x86
		{59D719FE-7B49-47AC-9E57-08157E3C572E}.Release|Any CPU.ActiveCfg = Release|x86
		{59D719FE-7B49-47AC-9E57-08157E3C572E}.Release|ARM.ActiveCfg = Release|x86
		{59D719FE-7B49-47AC-9E57-08157E3C572E}.Release|x64.ActiveCfg = Release|x86
		{59D719FE-7B49-47AC-9E57-08157E3C572E}.Release|x86.ActiveCfg = Release|x86
		{59D719FE-7B49-47AC-9E57-08157E3C572E}.Release|x86.Build.0 = Release|x86
		{79C755BA-FC33-4B74-8AB6-CC8DACABAE61}.Debug|Any CPU.ActiveCfg = Debug|x86
		{79C755BA-FC33-4B74-8AB6-CC8DACABAE61}.Debug|ARM.ActiveCfg = Debug|x86
		{79C755BA-FC33-4B74-8AB6-CC8DACABAE61}.Debug|x64.ActiveCfg = Debug|x86
		{79C755BA-FC33-4B74-8AB6-CC8DACABAE61}.Debug|x86.ActiveCfg = Debug|x86
		{79C755BA-FC33-4B74-8AB6-CC8DACABAE61}.Debug|x86.Build.0 = Debug|x86
		{79C755BA-FC33-4B74-8AB6-CC8DACABAE61}.Release|Any CPU.ActiveCfg = Release|x86
		{79C755BA-FC33-4B74-8AB6-CC8DACABAE61}.Release|ARM.ActiveCfg = Release|x86
		{79C755BA-FC33-4B74-8AB6-CC8DACABAE61}.Release|x64.ActiveCfg = Release|x86
		{79C755BA-FC33-4B74-8AB6-CC8DACABAE61}.Release|x86.ActiveCfg = Release|x86
		{79C755BA-FC33-4B74-8AB6-CC8DACABAE61}.Release|x86.Build.0 = Release|x86
		{DC379173-7E70-48BE-9E38-2E160D8AFE70}.Debug|Any CPU.ActiveCfg = Debug|Any CPU
		{DC379173-7E70-48BE-9E38-2E160D8AFE70}.Debug|Any CPU.Build.0 = Debug|Any CPU
		{DC379173-7E70-48BE-9E38-2E160D8AFE70}.Debug|ARM.ActiveCfg = Debug|Any CPU
		{DC379173-7E70-48BE-9E38-2E160D8AFE70}.Debug|ARM.Build.0 = Debug|Any CPU
		{DC379173-7E70-48BE-9E38-2E160D8AFE70}.Debug|x64.ActiveCfg = Debug|Any CPU
		{DC379173-7E70-48BE-9E38-2E160D8AFE70}.Debug|x64.Build.0 = Debug|Any CPU
		{DC379173-7E70-48BE-9E38-2E160D8AFE70}.Debug|x86.ActiveCfg = Debug|Any CPU
		{DC379173-7E70-48BE-9E38-2E160D8AFE70}.Debug|x86.Build.0 = Debug|Any CPU
		{DC379173-7E70-48BE-9E38-2E160D8AFE70}.Release|Any CPU.ActiveCfg = Release|Any CPU
		{DC379173-7E70-48BE-9E38-2E160D8AFE70}.Release|Any CPU.Build.0 = Release|Any CPU
		{DC379173-7E70-48BE-9E38-2E160D8AFE70}.Release|ARM.ActiveCfg = Release|Any CPU
		{DC379173-7E70-48BE-9E38-2E160D8AFE70}.Release|ARM.Build.0 = Release|Any CPU
		{DC379173-7E70-48BE-9E38-2E160D8AFE70}.Release|x64.ActiveCfg = Release|Any CPU
		{DC379173-7E70-48BE-9E38-2E160D8AFE70}.Release|x64.Build.0 = Release|Any CPU
		{DC379173-7E70-48BE-9E38-2E160D8AFE70}.Release|x86.ActiveCfg = Release|Any CPU
		{DC379173-7E70-48BE-9E38-2E160D8AFE70}.Release|x86.Build.0 = Release|Any CPU
		{C73DFBAA-3BCF-4EBC-AF12-ED24A9245CF8}.Debug|Any CPU.ActiveCfg = Debug|Any CPU
		{C73DFBAA-3BCF-4EBC-AF12-ED24A9245CF8}.Debug|Any CPU.Build.0 = Debug|Any CPU
		{C73DFBAA-3BCF-4EBC-AF12-ED24A9245CF8}.Debug|ARM.ActiveCfg = Debug|Any CPU
		{C73DFBAA-3BCF-4EBC-AF12-ED24A9245CF8}.Debug|ARM.Build.0 = Debug|Any CPU
		{C73DFBAA-3BCF-4EBC-AF12-ED24A9245CF8}.Debug|x64.ActiveCfg = Debug|Any CPU
		{C73DFBAA-3BCF-4EBC-AF12-ED24A9245CF8}.Debug|x64.Build.0 = Debug|Any CPU
		{C73DFBAA-3BCF-4EBC-AF12-ED24A9245CF8}.Debug|x86.ActiveCfg = Debug|Any CPU
		{C73DFBAA-3BCF-4EBC-AF12-ED24A9245CF8}.Debug|x86.Build.0 = Debug|Any CPU
		{C73DFBAA-3BCF-4EBC-AF12-ED24A9245CF8}.Release|Any CPU.ActiveCfg = Release|Any CPU
		{C73DFBAA-3BCF-4EBC-AF12-ED24A9245CF8}.Release|Any CPU.Build.0 = Release|Any CPU
		{C73DFBAA-3BCF-4EBC-AF12-ED24A9245CF8}.Release|ARM.ActiveCfg = Release|Any CPU
		{C73DFBAA-3BCF-4EBC-AF12-ED24A9245CF8}.Release|ARM.Build.0 = Release|Any CPU
		{C73DFBAA-3BCF-4EBC-AF12-ED24A9245CF8}.Release|x64.ActiveCfg = Release|Any CPU
		{C73DFBAA-3BCF-4EBC-AF12-ED24A9245CF8}.Release|x64.Build.0 = Release|Any CPU
		{C73DFBAA-3BCF-4EBC-AF12-ED24A9245CF8}.Release|x86.ActiveCfg = Release|Any CPU
		{C73DFBAA-3BCF-4EBC-AF12-ED24A9245CF8}.Release|x86.Build.0 = Release|Any CPU
		{2983BA88-0E4B-4D63-8AB5-DF1C748A0659}.Debug|Any CPU.ActiveCfg = Debug|Any CPU
		{2983BA88-0E4B-4D63-8AB5-DF1C748A0659}.Debug|Any CPU.Build.0 = Debug|Any CPU
		{2983BA88-0E4B-4D63-8AB5-DF1C748A0659}.Debug|ARM.ActiveCfg = Debug|Any CPU
		{2983BA88-0E4B-4D63-8AB5-DF1C748A0659}.Debug|ARM.Build.0 = Debug|Any CPU
		{2983BA88-0E4B-4D63-8AB5-DF1C748A0659}.Debug|x64.ActiveCfg = Debug|Any CPU
		{2983BA88-0E4B-4D63-8AB5-DF1C748A0659}.Debug|x64.Build.0 = Debug|Any CPU
		{2983BA88-0E4B-4D63-8AB5-DF1C748A0659}.Debug|x86.ActiveCfg = Debug|Any CPU
		{2983BA88-0E4B-4D63-8AB5-DF1C748A0659}.Debug|x86.Build.0 = Debug|Any CPU
		{2983BA88-0E4B-4D63-8AB5-DF1C748A0659}.Release|Any CPU.ActiveCfg = Release|Any CPU
		{2983BA88-0E4B-4D63-8AB5-DF1C748A0659}.Release|Any CPU.Build.0 = Release|Any CPU
		{2983BA88-0E4B-4D63-8AB5-DF1C748A0659}.Release|ARM.ActiveCfg = Release|Any CPU
		{2983BA88-0E4B-4D63-8AB5-DF1C748A0659}.Release|ARM.Build.0 = Release|Any CPU
		{2983BA88-0E4B-4D63-8AB5-DF1C748A0659}.Release|x64.ActiveCfg = Release|Any CPU
		{2983BA88-0E4B-4D63-8AB5-DF1C748A0659}.Release|x64.Build.0 = Release|Any CPU
		{2983BA88-0E4B-4D63-8AB5-DF1C748A0659}.Release|x86.ActiveCfg = Release|Any CPU
		{2983BA88-0E4B-4D63-8AB5-DF1C748A0659}.Release|x86.Build.0 = Release|Any CPU
		{AD0EAC16-8FB9-468B-8B68-7AA0333A869D}.Debug|Any CPU.ActiveCfg = Debug|Any CPU
		{AD0EAC16-8FB9-468B-8B68-7AA0333A869D}.Debug|Any CPU.Build.0 = Debug|Any CPU
		{AD0EAC16-8FB9-468B-8B68-7AA0333A869D}.Debug|ARM.ActiveCfg = Debug|Any CPU
		{AD0EAC16-8FB9-468B-8B68-7AA0333A869D}.Debug|ARM.Build.0 = Debug|Any CPU
		{AD0EAC16-8FB9-468B-8B68-7AA0333A869D}.Debug|x64.ActiveCfg = Debug|Any CPU
		{AD0EAC16-8FB9-468B-8B68-7AA0333A869D}.Debug|x64.Build.0 = Debug|Any CPU
		{AD0EAC16-8FB9-468B-8B68-7AA0333A869D}.Debug|x86.ActiveCfg = Debug|Any CPU
		{AD0EAC16-8FB9-468B-8B68-7AA0333A869D}.Debug|x86.Build.0 = Debug|Any CPU
		{AD0EAC16-8FB9-468B-8B68-7AA0333A869D}.Release|Any CPU.ActiveCfg = Release|Any CPU
		{AD0EAC16-8FB9-468B-8B68-7AA0333A869D}.Release|Any CPU.Build.0 = Release|Any CPU
		{AD0EAC16-8FB9-468B-8B68-7AA0333A869D}.Release|ARM.ActiveCfg = Release|Any CPU
		{AD0EAC16-8FB9-468B-8B68-7AA0333A869D}.Release|ARM.Build.0 = Release|Any CPU
		{AD0EAC16-8FB9-468B-8B68-7AA0333A869D}.Release|x64.ActiveCfg = Release|Any CPU
		{AD0EAC16-8FB9-468B-8B68-7AA0333A869D}.Release|x64.Build.0 = Release|Any CPU
		{AD0EAC16-8FB9-468B-8B68-7AA0333A869D}.Release|x86.ActiveCfg = Release|Any CPU
		{AD0EAC16-8FB9-468B-8B68-7AA0333A869D}.Release|x86.Build.0 = Release|Any CPU
		{C07EAF2D-1ABC-4E79-95AA-E6EA4FA70E1D}.Debug|Any CPU.ActiveCfg = Debug|x86
		{C07EAF2D-1ABC-4E79-95AA-E6EA4FA70E1D}.Debug|ARM.ActiveCfg = Debug|x86
		{C07EAF2D-1ABC-4E79-95AA-E6EA4FA70E1D}.Debug|x64.ActiveCfg = Debug|x86
		{C07EAF2D-1ABC-4E79-95AA-E6EA4FA70E1D}.Debug|x86.ActiveCfg = Debug|x86
		{C07EAF2D-1ABC-4E79-95AA-E6EA4FA70E1D}.Debug|x86.Build.0 = Debug|x86
		{C07EAF2D-1ABC-4E79-95AA-E6EA4FA70E1D}.Release|Any CPU.ActiveCfg = Release|x86
		{C07EAF2D-1ABC-4E79-95AA-E6EA4FA70E1D}.Release|ARM.ActiveCfg = Release|x86
		{C07EAF2D-1ABC-4E79-95AA-E6EA4FA70E1D}.Release|x64.ActiveCfg = Release|x86
		{C07EAF2D-1ABC-4E79-95AA-E6EA4FA70E1D}.Release|x86.ActiveCfg = Release|x86
		{C07EAF2D-1ABC-4E79-95AA-E6EA4FA70E1D}.Release|x86.Build.0 = Release|x86
	EndGlobalSection
	GlobalSection(SolutionProperties) = preSolution
		HideSolutionNode = FALSE
	EndGlobalSection
	GlobalSection(NestedProjects) = preSolution
		{2FF88196-4977-4EFE-A3EA-0276C9BD6C89} = {64DC784B-E278-4AF2-B688-46C44F4CB9DF}
		{85C47101-C7F6-4565-A34F-2707C06119BB} = {64DC784B-E278-4AF2-B688-46C44F4CB9DF}
		{DE3F4E76-F9EB-4652-A7CC-85B9FBF1EA99} = {9C0F3D5F-ACF2-4FEF-94FE-658802BD1E91}
		{51E56C90-36AE-45F1-B96C-3FAAE2BCCAA2} = {9C0F3D5F-ACF2-4FEF-94FE-658802BD1E91}
		{59D719FE-7B49-47AC-9E57-08157E3C572E} = {9C0F3D5F-ACF2-4FEF-94FE-658802BD1E91}
		{79C755BA-FC33-4B74-8AB6-CC8DACABAE61} = {9C0F3D5F-ACF2-4FEF-94FE-658802BD1E91}
		{DC379173-7E70-48BE-9E38-2E160D8AFE70} = {D29138F1-722D-4CA3-9DCC-DFC6C77639D5}
		{C73DFBAA-3BCF-4EBC-AF12-ED24A9245CF8} = {D29138F1-722D-4CA3-9DCC-DFC6C77639D5}
		{2983BA88-0E4B-4D63-8AB5-DF1C748A0659} = {D29138F1-722D-4CA3-9DCC-DFC6C77639D5}
		{AD0EAC16-8FB9-468B-8B68-7AA0333A869D} = {D29138F1-722D-4CA3-9DCC-DFC6C77639D5}
		{C07EAF2D-1ABC-4E79-95AA-E6EA4FA70E1D} = {9C0F3D5F-ACF2-4FEF-94FE-658802BD1E91}
	EndGlobalSection
EndGlobal
